<?xml version="1.0" encoding="utf-8"?>
<Project ToolsVersion="4.0" xmlns="http://schemas.microsoft.com/developer/msbuild/2003">
  <ItemGroup>
    <Filter Include="Source Files">
      <UniqueIdentifier>{4FC737F1-C7A5-4376-A066-2A32D752A2FF}</UniqueIdentifier>
      <Extensions>cpp;c;cc;cxx;def;odl;idl;hpj;bat;asm;asmx</Extensions>
    </Filter>
    <Filter Include="Header Files">
      <UniqueIdentifier>{93995380-89BD-4b04-88EB-625FBE52EBFB}</UniqueIdentifier>
      <Extensions>h;hh;hpp;hxx;hm;inl;inc;xsd</Extensions>
    </Filter>
    <Filter Include="Resource Files">
      <UniqueIdentifier>{D9D6E242-F8AF-46E4-B9FD-80ECBC20BA3E}</UniqueIdentifier>
      <Extensions>qrc;*</Extensions>
      <ParseFiles>false</ParseFiles>
    </Filter>
    <Filter Include="Form Files">
      <UniqueIdentifier>{99349809-55BA-4b9d-BF79-8FDBB0286EB3}</UniqueIdentifier>
      <Extensions>ui</Extensions>
    </Filter>
    <Filter Include="Resource Files">
      <UniqueIdentifier>{D9D6E242-F8AF-46E4-B9FD-80ECBC20BA3E}</UniqueIdentifier>
      <Extensions>qrc;*</Extensions>
      <ParseFiles>false</ParseFiles>
    </Filter>
  </ItemGroup>
  <ItemGroup>
    <ClCompile Include="main.cpp">
      <Filter>Source Files</Filter>
    </ClCompile>
    <ClCompile Include="stdafx.cpp">
      <Filter>Source Files</Filter>
    </ClCompile>
    <ClCompile Include="backend\settings\settings.cpp">
      <Filter>Source Files</Filter>
    </ClCompile>
    <ClCompile Include="backend\settings\settings_json.cpp">
      <Filter>Source Files</Filter>
    </ClCompile>
    <ClCompile Include="backend\fileHandler\cryptFileHandler\cfh_crypto.cpp">
      <Filter>Source Files</Filter>
    </ClCompile>
    <ClCompile Include="backend\fileHandler\cryptFileHandler\cfh_passwordUpdate.cpp">
      <Filter>Source Files</Filter>
    </ClCompile>
    <ClCompile Include="backend\fileHandler\cryptFileHandler\cryptFH.cpp">
      <Filter>Source Files</Filter>
    </ClCompile>
    <ClCompile Include="backend\fileHandler\plainFileHandler\plainFH.cpp">
      <Filter>Source Files</Filter>
    </ClCompile>
    <ClCompile Include="backend\dataFunctions\calc_evaluating.cpp">
      <Filter>Source Files</Filter>
    </ClCompile>
    <ClCompile Include="backend\dataFunctions\dataObtain.cpp">
      <Filter>Source Files</Filter>
    </ClCompile>
    <ClCompile Include="backend\dataFunctions\m_container.cpp">
      <Filter>Source Files</Filter>
    </ClCompile>
    <ClCompile Include="backend\data\month.cpp">
      <Filter>Source Files</Filter>
    </ClCompile>
    <ClCompile Include="backend\data\month_datamanipulation.cpp">
      <Filter>Source Files</Filter>
    </ClCompile>
    <ClCompile Include="backend\data\month_json.cpp">
      <Filter>Source Files</Filter>
    </ClCompile>
    <ClCompile Include="backend\data\transaction.cpp">
      <Filter>Source Files</Filter>
    </ClCompile>
    <ClCompile Include="frontend\finanzrechner.cpp">
      <Filter>Source Files</Filter>
    </ClCompile>
    <ClCompile Include="backend\data\transaction_json.cpp">
      <Filter>Source Files</Filter>
    </ClCompile>
    <ClCompile Include="backend\settings\monthly_transactions.cpp">
      <Filter>Source Files</Filter>
    </ClCompile>
  </ItemGroup>
  <ItemGroup>
    <ClInclude Include="stdafx.h">
      <Filter>Header Files</Filter>
    </ClInclude>
    <ClInclude Include="month\month.h">
      <Filter>Header Files</Filter>
    </ClInclude>
    <ClInclude Include="backend\settings\settings.h">
      <Filter>Header Files</Filter>
    </ClInclude>
    <ClInclude Include="backend\financeBackend.h">
      <Filter>Header Files</Filter>
    </ClInclude>
    <ClInclude Include="backend\fileHandler\cryptFileHandler\cryptFH.h">
      <Filter>Header Files</Filter>
    </ClInclude>
    <ClInclude Include="backend\fileHandler\plainFileHandler\plainFH.h">
      <Filter>Header Files</Filter>
    </ClInclude>
    <ClInclude Include="backend\fileHandler\fh.h">
      <Filter>Header Files</Filter>
    </ClInclude>
    <ClInclude Include="backend\dataFunctions\calc_evaluating.h">
      <Filter>Header Files</Filter>
    </ClInclude>
    <ClInclude Include="backend\dataFunctions\dataObtain.h">
      <Filter>Header Files</Filter>
    </ClInclude>
    <ClInclude Include="backend\dataFunctions\filter.h">
      <Filter>Header Files</Filter>
    </ClInclude>
    <ClInclude Include="backend\dataFunctions\m_container.h">
      <Filter>Header Files</Filter>
    </ClInclude>
    <ClInclude Include="backend\data\month.h">
      <Filter>Header Files</Filter>
    </ClInclude>
    <ClInclude Include="backend\data\transaction.h">
      <Filter>Header Files</Filter>
    </ClInclude>
  </ItemGroup>
  <ItemGroup>
    <QtMoc Include="frontend\finanzrechner.h">
      <Filter>Header Files</Filter>
    </QtMoc>
  </ItemGroup>
  <ItemGroup>
    <QtRcc Include="frontend\finanzrechner.qrc">
      <Filter>Resource Files</Filter>
    </QtRcc>
  </ItemGroup>
  <ItemGroup>
    <ResourceCompile Include="frontend\Finanzrechner.rc" />
  </ItemGroup>
  <ItemGroup>
    <QtUic Include="frontend\finanzrechner.ui">
      <Filter>Form Files</Filter>
    </QtUic>
  </ItemGroup>
</Project>